
Microsoft Visual Studio Solution File, Format Version 12.00
# Visual Studio 14
VisualStudioVersion = 14.0.24720.0
MinimumVisualStudioVersion = 10.0.40219.1
Project("{FAE04EC0-301F-11D3-BF4B-00C04F79EFBC}") = "DneWebSite", "DneWebSite\DneWebSite.csproj", "{83D90785-F0C3-4F7C-BEE7-C772BE89AD7A}"
EndProject
Project("{FAE04EC0-301F-11D3-BF4B-00C04F79EFBC}") = "LDAPTest", "..\..\CSharpCode\LDAPTest\LDAPTest\LDAPTest.csproj", "{0321A590-CB49-4308-978B-6144C89C4869}"
EndProject
Global
	GlobalSection(SolutionConfigurationPlatforms) = preSolution
		Debug|Any CPU = Debug|Any CPU
		Release|Any CPU = Release|Any CPU
	EndGlobalSection
	GlobalSection(ProjectConfigurationPlatforms) = postSolution
		{83D90785-F0C3-4F7C-BEE7-C772BE89AD7A}.Debug|Any CPU.ActiveCfg = Debug|Any CPU
		{83D90785-F0C3-4F7C-BEE7-C772BE89AD7A}.Debug|Any CPU.Build.0 = Debug|Any CPU
		{83D90785-F0C3-4F7C-BEE7-C772BE89AD7A}.Release|Any CPU.ActiveCfg = Release|Any CPU
		{83D90785-F0C3-4F7C-BEE7-C772BE89AD7A}.Release|Any CPU.Build.0 = Release|Any CPU
		{0321A590-CB49-4308-978B-6144C89C4869}.Debug|Any CPU.ActiveCfg = Debug|Any CPU
		{0321A590-CB49-4308-978B-6144C89C4869}.Debug|Any CPU.Build.0 = Debug|Any CPU
		{0321A590-CB49-4308-978B-6144C89C4869}.Release|Any CPU.ActiveCfg = Release|Any CPU
		{0321A590-CB49-4308-978B-6144C89C4869}.Release|Any CPU.Build.0 = Release|Any CPU
	EndGlobalSection
	GlobalSection(SolutionProperties) = preSolution
		HideSolutionNode = FALSE
	EndGlobalSection
EndGlobal
